
Microsoft Visual Studio Solution File, Format Version 12.00
# Visual Studio Version 17
VisualStudioVersion = 17.9.34607.119
MinimumVisualStudioVersion = 10.0.40219.1
Project("{9A19103F-16F7-4668-BE54-9A1E7A4F7556}") = "INDWalks.API", "INDWalks.API\INDWalks.API.csproj", "{2454EC01-E708-4F58-98C6-A80AD4DD2433}"
EndProject
Project("{FAE04EC0-301F-11D3-BF4B-00C04F79EFBC}") = "INDWalks.UI", "INDWalks.UI\INDWalks.UI.csproj", "{40280654-319C-4C0A-B355-D451B82F471F}"
EndProject
Global
	GlobalSection(SolutionConfigurationPlatforms) = preSolution
		Debug|Any CPU = Debug|Any CPU
		Release|Any CPU = Release|Any CPU
	EndGlobalSection
	GlobalSection(ProjectConfigurationPlatforms) = postSolution
		{2454EC01-E708-4F58-98C6-A80AD4DD2433}.Debug|Any CPU.ActiveCfg = Debug|Any CPU
		{2454EC01-E708-4F58-98C6-A80AD4DD2433}.Debug|Any CPU.Build.0 = Debug|Any CPU
		{2454EC01-E708-4F58-98C6-A80AD4DD2433}.Release|Any CPU.ActiveCfg = Release|Any CPU
		{2454EC01-E708-4F58-98C6-A80AD4DD2433}.Release|Any CPU.Build.0 = Release|Any CPU
		{40280654-319C-4C0A-B355-D451B82F471F}.Debug|Any CPU.ActiveCfg = Debug|Any CPU
		{40280654-319C-4C0A-B355-D451B82F471F}.Debug|Any CPU.Build.0 = Debug|Any CPU
		{40280654-319C-4C0A-B355-D451B82F471F}.Release|Any CPU.ActiveCfg = Release|Any CPU
		{40280654-319C-4C0A-B355-D451B82F471F}.Release|Any CPU.Build.0 = Release|Any CPU
	EndGlobalSection
	GlobalSection(SolutionProperties) = preSolution
		HideSolutionNode = FALSE
	EndGlobalSection
	GlobalSection(ExtensibilityGlobals) = postSolution
		SolutionGuid = {FB49E384-5A93-4C2D-90F8-8E6765C180C5}
	EndGlobalSection
EndGlobal
